
Microsoft Visual Studio Solution File, Format Version 12.00
# Visual Studio Version 17
VisualStudioVersion = 17.8.34511.84
MinimumVisualStudioVersion = 10.0.40219.1
Project("{FAE04EC0-301F-11D3-BF4B-00C04F79EFBC}") = "Chapter12_Test", "Chapter12_Test\Chapter12_Test.csproj", "{424A47C7-5DBD-41D9-B9DA-16387108225C}"
EndProject
Project("{FAE04EC0-301F-11D3-BF4B-00C04F79EFBC}") = "NetworkScanner", "NetworkScanner\NetworkScanner.csproj", "{90D8D532-504B-4FCF-B1BC-39DE0B53B9B7}"
EndProject
Global
	GlobalSection(SolutionConfigurationPlatforms) = preSolution
		Debug|Any CPU = Debug|Any CPU
		Release|Any CPU = Release|Any CPU
	EndGlobalSection
	GlobalSection(ProjectConfigurationPlatforms) = postSolution
		{424A47C7-5DBD-41D9-B9DA-16387108225C}.Debug|Any CPU.ActiveCfg = Debug|Any CPU
		{424A47C7-5DBD-41D9-B9DA-16387108225C}.Debug|Any CPU.Build.0 = Debug|Any CPU
		{424A47C7-5DBD-41D9-B9DA-16387108225C}.Release|Any CPU.ActiveCfg = Release|Any CPU
		{424A47C7-5DBD-41D9-B9DA-16387108225C}.Release|Any CPU.Build.0 = Release|Any CPU
		{90D8D532-504B-4FCF-B1BC-39DE0B53B9B7}.Debug|Any CPU.ActiveCfg = Debug|Any CPU
		{90D8D532-504B-4FCF-B1BC-39DE0B53B9B7}.Debug|Any CPU.Build.0 = Debug|Any CPU
		{90D8D532-504B-4FCF-B1BC-39DE0B53B9B7}.Release|Any CPU.ActiveCfg = Release|Any CPU
		{90D8D532-504B-4FCF-B1BC-39DE0B53B9B7}.Release|Any CPU.Build.0 = Release|Any CPU
	EndGlobalSection
	GlobalSection(SolutionProperties) = preSolution
		HideSolutionNode = FALSE
	EndGlobalSection
	GlobalSection(ExtensibilityGlobals) = postSolution
		SolutionGuid = {1FD8F89F-CFA6-41B6-85F6-3BC1BA8BB22F}
	EndGlobalSection
EndGlobal
